
Microsoft Visual Studio Solution File, Format Version 12.00
# Visual Studio 14
VisualStudioVersion = 14.0.24720.0
MinimumVisualStudioVersion = 10.0.40219.1
Project("{FAE04EC0-301F-11D3-BF4B-00C04F79EFBC}") = "Geolocalizacion.Droid", "Geolocalizacion\Geolocalizacion.Droid\Geolocalizacion.Droid.csproj", "{832FAC60-FD18-4B11-99F1-A47045172F24}"
EndProject
Project("{FAE04EC0-301F-11D3-BF4B-00C04F79EFBC}") = "Geolocalizacion.iOS", "Geolocalizacion\Geolocalizacion.iOS\Geolocalizacion.iOS.csproj", "{2105CE82-3F23-4C8A-8B02-2052C0F5B8AB}"
EndProject
Project("{FAE04EC0-301F-11D3-BF4B-00C04F79EFBC}") = "Geolocalizacion.WinPhone", "Geolocalizacion\Geolocalizacion.WinPhone\Geolocalizacion.WinPhone.csproj", "{FBBCA561-8304-4D7C-91B7-E8403B2EDA53}"
EndProject
Project("{FAE04EC0-301F-11D3-BF4B-00C04F79EFBC}") = "Geolocalizacion", "Geolocalizacion\Geolocalizacion\Geolocalizacion.csproj", "{10C77BCD-7B1C-4608-90F0-590410A83967}"
EndProject
Global
	GlobalSection(SolutionConfigurationPlatforms) = preSolution
		Ad-Hoc|Any CPU = Ad-Hoc|Any CPU
		Ad-Hoc|ARM = Ad-Hoc|ARM
		Ad-Hoc|iPhone = Ad-Hoc|iPhone
		Ad-Hoc|iPhoneSimulator = Ad-Hoc|iPhoneSimulator
		Ad-Hoc|x86 = Ad-Hoc|x86
		AppStore|Any CPU = AppStore|Any CPU
		AppStore|ARM = AppStore|ARM
		AppStore|iPhone = AppStore|iPhone
		AppStore|iPhoneSimulator = AppStore|iPhoneSimulator
		AppStore|x86 = AppStore|x86
		Debug|Any CPU = Debug|Any CPU
		Debug|ARM = Debug|ARM
		Debug|iPhone = Debug|iPhone
		Debug|iPhoneSimulator = Debug|iPhoneSimulator
		Debug|x86 = Debug|x86
		Release|Any CPU = Release|Any CPU
		Release|ARM = Release|ARM
		Release|iPhone = Release|iPhone
		Release|iPhoneSimulator = Release|iPhoneSimulator
		Release|x86 = Release|x86
	EndGlobalSection
	GlobalSection(ProjectConfigurationPlatforms) = postSolution
		{832FAC60-FD18-4B11-99F1-A47045172F24}.Ad-Hoc|Any CPU.ActiveCfg = Release|Any CPU
		{832FAC60-FD18-4B11-99F1-A47045172F24}.Ad-Hoc|Any CPU.Build.0 = Release|Any CPU
		{832FAC60-FD18-4B11-99F1-A47045172F24}.Ad-Hoc|Any CPU.Deploy.0 = Release|Any CPU
		{832FAC60-FD18-4B11-99F1-A47045172F24}.Ad-Hoc|ARM.ActiveCfg = Release|Any CPU
		{832FAC60-FD18-4B11-99F1-A47045172F24}.Ad-Hoc|ARM.Build.0 = Release|Any CPU
		{832FAC60-FD18-4B11-99F1-A47045172F24}.Ad-Hoc|ARM.Deploy.0 = Release|Any CPU
		{832FAC60-FD18-4B11-99F1-A47045172F24}.Ad-Hoc|iPhone.ActiveCfg = Release|Any CPU
		{832FAC60-FD18-4B11-99F1-A47045172F24}.Ad-Hoc|iPhone.Build.0 = Release|Any CPU
		{832FAC60-FD18-4B11-99F1-A47045172F24}.Ad-Hoc|iPhone.Deploy.0 = Release|Any CPU
		{832FAC60-FD18-4B11-99F1-A47045172F24}.Ad-Hoc|iPhoneSimulator.ActiveCfg = Release|Any CPU
		{832FAC60-FD18-4B11-99F1-A47045172F24}.Ad-Hoc|iPhoneSimulator.Build.0 = Release|Any CPU
		{832FAC60-FD18-4B11-99F1-A47045172F24}.Ad-Hoc|iPhoneSimulator.Deploy.0 = Release|Any CPU
		{832FAC60-FD18-4B11-99F1-A47045172F24}.Ad-Hoc|x86.ActiveCfg = Release|Any CPU
		{832FAC60-FD18-4B11-99F1-A47045172F24}.Ad-Hoc|x86.Build.0 = Release|Any CPU
		{832FAC60-FD18-4B11-99F1-A47045172F24}.Ad-Hoc|x86.Deploy.0 = Release|Any CPU
		{832FAC60-FD18-4B11-99F1-A47045172F24}.AppStore|Any CPU.ActiveCfg = Release|Any CPU
		{832FAC60-FD18-4B11-99F1-A47045172F24}.AppStore|Any CPU.Build.0 = Release|Any CPU
		{832FAC60-FD18-4B11-99F1-A47045172F24}.AppStore|Any CPU.Deploy.0 = Release|Any CPU
		{832FAC60-FD18-4B11-99F1-A47045172F24}.AppStore|ARM.ActiveCfg = Release|Any CPU
		{832FAC60-FD18-4B11-99F1-A47045172F24}.AppStore|ARM.Build.0 = Release|Any CPU
		{832FAC60-FD18-4B11-99F1-A47045172F24}.AppStore|ARM.Deploy.0 = Release|Any CPU
		{832FAC60-FD18-4B11-99F1-A47045172F24}.AppStore|iPhone.ActiveCfg = Release|Any CPU
		{832FAC60-FD18-4B11-99F1-A47045172F24}.AppStore|iPhone.Build.0 = Release|Any CPU
		{832FAC60-FD18-4B11-99F1-A47045172F24}.AppStore|iPhone.Deploy.0 = Release|Any CPU
		{832FAC60-FD18-4B11-99F1-A47045172F24}.AppStore|iPhoneSimulator.ActiveCfg = Release|Any CPU
		{832FAC60-FD18-4B11-99F1-A47045172F24}.AppStore|iPhoneSimulator.Build.0 = Release|Any CPU
		{832FAC60-FD18-4B11-99F1-A47045172F24}.AppStore|iPhoneSimulator.Deploy.0 = Release|Any CPU
		{832FAC60-FD18-4B11-99F1-A47045172F24}.AppStore|x86.ActiveCfg = Release|Any CPU
		{832FAC60-FD18-4B11-99F1-A47045172F24}.AppStore|x86.Build.0 = Release|Any CPU
		{832FAC60-FD18-4B11-99F1-A47045172F24}.AppStore|x86.Deploy.0 = Release|Any CPU
		{832FAC60-FD18-4B11-99F1-A47045172F24}.Debug|Any CPU.ActiveCfg = Debug|Any CPU
		{832FAC60-FD18-4B11-99F1-A47045172F24}.Debug|Any CPU.Build.0 = Debug|Any CPU
		{832FAC60-FD18-4B11-99F1-A47045172F24}.Debug|Any CPU.Deploy.0 = Debug|Any CPU
		{832FAC60-FD18-4B11-99F1-A47045172F24}.Debug|ARM.ActiveCfg = Debug|Any CPU
		{832FAC60-FD18-4B11-99F1-A47045172F24}.Debug|ARM.Build.0 = Debug|Any CPU
		{832FAC60-FD18-4B11-99F1-A47045172F24}.Debug|ARM.Deploy.0 = Debug|Any CPU
		{832FAC60-FD18-4B11-99F1-A47045172F24}.Debug|iPhone.ActiveCfg = Debug|Any CPU
		{832FAC60-FD18-4B11-99F1-A47045172F24}.Debug|iPhone.Build.0 = Debug|Any CPU
		{832FAC60-FD18-4B11-99F1-A47045172F24}.Debug|iPhone.Deploy.0 = Debug|Any CPU
		{832FAC60-FD18-4B11-99F1-A47045172F24}.Debug|iPhoneSimulator.ActiveCfg = Debug|Any CPU
		{832FAC60-FD18-4B11-99F1-A47045172F24}.Debug|iPhoneSimulator.Build.0 = Debug|Any CPU
		{832FAC60-FD18-4B11-99F1-A47045172F24}.Debug|iPhoneSimulator.Deploy.0 = Debug|Any CPU
		{832FAC60-FD18-4B11-99F1-A47045172F24}.Debug|x86.ActiveCfg = Debug|Any CPU
		{832FAC60-FD18-4B11-99F1-A47045172F24}.Debug|x86.Build.0 = Debug|Any CPU
		{832FAC60-FD18-4B11-99F1-A47045172F24}.Debug|x86.Deploy.0 = Debug|Any CPU
		{832FAC60-FD18-4B11-99F1-A47045172F24}.Release|Any CPU.ActiveCfg = Release|Any CPU
		{832FAC60-FD18-4B11-99F1-A47045172F24}.Release|Any CPU.Build.0 = Release|Any CPU
		{832FAC60-FD18-4B11-99F1-A47045172F24}.Release|Any CPU.Deploy.0 = Release|Any CPU
		{832FAC60-FD18-4B11-99F1-A47045172F24}.Release|ARM.ActiveCfg = Release|Any CPU
		{832FAC60-FD18-4B11-99F1-A47045172F24}.Release|ARM.Build.0 = Release|Any CPU
		{832FAC60-FD18-4B11-99F1-A47045172F24}.Release|ARM.Deploy.0 = Release|Any CPU
		{832FAC60-FD18-4B11-99F1-A47045172F24}.Release|iPhone.ActiveCfg = Release|Any CPU
		{832FAC60-FD18-4B11-99F1-A47045172F24}.Release|iPhone.Build.0 = Release|Any CPU
		{832FAC60-FD18-4B11-99F1-A47045172F24}.Release|iPhone.Deploy.0 = Release|Any CPU
		{832FAC60-FD18-4B11-99F1-A47045172F24}.Release|iPhoneSimulator.ActiveCfg = Release|Any CPU
		{832FAC60-FD18-4B11-99F1-A47045172F24}.Release|iPhoneSimulator.Build.0 = Release|Any CPU
		{832FAC60-FD18-4B11-99F1-A47045172F24}.Release|iPhoneSimulator.Deploy.0 = Release|Any CPU
		{832FAC60-FD18-4B11-99F1-A47045172F24}.Release|x86.ActiveCfg = Release|Any CPU
		{832FAC60-FD18-4B11-99F1-A47045172F24}.Release|x86.Build.0 = Release|Any CPU
		{832FAC60-FD18-4B11-99F1-A47045172F24}.Release|x86.Deploy.0 = Release|Any CPU
		{2105CE82-3F23-4C8A-8B02-2052C0F5B8AB}.Ad-Hoc|Any CPU.ActiveCfg = Ad-Hoc|iPhone
		{2105CE82-3F23-4C8A-8B02-2052C0F5B8AB}.Ad-Hoc|ARM.ActiveCfg = Ad-Hoc|iPhone
		{2105CE82-3F23-4C8A-8B02-2052C0F5B8AB}.Ad-Hoc|iPhone.ActiveCfg = Ad-Hoc|iPhone
		{2105CE82-3F23-4C8A-8B02-2052C0F5B8AB}.Ad-Hoc|iPhone.Build.0 = Ad-Hoc|iPhone
		{2105CE82-3F23-4C8A-8B02-2052C0F5B8AB}.Ad-Hoc|iPhoneSimulator.ActiveCfg = Ad-Hoc|iPhoneSimulator
		{2105CE82-3F23-4C8A-8B02-2052C0F5B8AB}.Ad-Hoc|iPhoneSimulator.Build.0 = Ad-Hoc|iPhoneSimulator
		{2105CE82-3F23-4C8A-8B02-2052C0F5B8AB}.Ad-Hoc|x86.ActiveCfg = Ad-Hoc|iPhone
		{2105CE82-3F23-4C8A-8B02-2052C0F5B8AB}.AppStore|Any CPU.ActiveCfg = AppStore|iPhone
		{2105CE82-3F23-4C8A-8B02-2052C0F5B8AB}.AppStore|ARM.ActiveCfg = AppStore|iPhone
		{2105CE82-3F23-4C8A-8B02-2052C0F5B8AB}.AppStore|iPhone.ActiveCfg = AppStore|iPhone
		{2105CE82-3F23-4C8A-8B02-2052C0F5B8AB}.AppStore|iPhone.Build.0 = AppStore|iPhone
		{2105CE82-3F23-4C8A-8B02-2052C0F5B8AB}.AppStore|iPhoneSimulator.ActiveCfg = AppStore|iPhoneSimulator
		{2105CE82-3F23-4C8A-8B02-2052C0F5B8AB}.AppStore|iPhoneSimulator.Build.0 = AppStore|iPhoneSimulator
		{2105CE82-3F23-4C8A-8B02-2052C0F5B8AB}.AppStore|x86.ActiveCfg = AppStore|iPhone
		{2105CE82-3F23-4C8A-8B02-2052C0F5B8AB}.Debug|Any CPU.ActiveCfg = Debug|iPhone
		{2105CE82-3F23-4C8A-8B02-2052C0F5B8AB}.Debug|ARM.ActiveCfg = Debug|iPhone
		{2105CE82-3F23-4C8A-8B02-2052C0F5B8AB}.Debug|iPhone.ActiveCfg = Debug|iPhone
		{2105CE82-3F23-4C8A-8B02-2052C0F5B8AB}.Debug|iPhone.Build.0 = Debug|iPhone
		{2105CE82-3F23-4C8A-8B02-2052C0F5B8AB}.Debug|iPhoneSimulator.ActiveCfg = Debug|iPhoneSimulator
		{2105CE82-3F23-4C8A-8B02-2052C0F5B8AB}.Debug|iPhoneSimulator.Build.0 = Debug|iPhoneSimulator
		{2105CE82-3F23-4C8A-8B02-2052C0F5B8AB}.Debug|x86.ActiveCfg = Debug|iPhone
		{2105CE82-3F23-4C8A-8B02-2052C0F5B8AB}.Release|Any CPU.ActiveCfg = Release|iPhone
		{2105CE82-3F23-4C8A-8B02-2052C0F5B8AB}.Release|ARM.ActiveCfg = Release|iPhone
		{2105CE82-3F23-4C8A-8B02-2052C0F5B8AB}.Release|iPhone.ActiveCfg = Release|iPhone
		{2105CE82-3F23-4C8A-8B02-2052C0F5B8AB}.Release|iPhone.Build.0 = Release|iPhone
		{2105CE82-3F23-4C8A-8B02-2052C0F5B8AB}.Release|iPhoneSimulator.ActiveCfg = Release|iPhoneSimulator
		{2105CE82-3F23-4C8A-8B02-2052C0F5B8AB}.Release|iPhoneSimulator.Build.0 = Release|iPhoneSimulator
		{2105CE82-3F23-4C8A-8B02-2052C0F5B8AB}.Release|x86.ActiveCfg = Release|iPhone
		{FBBCA561-8304-4D7C-91B7-E8403B2EDA53}.Ad-Hoc|Any CPU.ActiveCfg = Release|Any CPU
		{FBBCA561-8304-4D7C-91B7-E8403B2EDA53}.Ad-Hoc|Any CPU.Build.0 = Release|Any CPU
		{FBBCA561-8304-4D7C-91B7-E8403B2EDA53}.Ad-Hoc|Any CPU.Deploy.0 = Release|Any CPU
		{FBBCA561-8304-4D7C-91B7-E8403B2EDA53}.Ad-Hoc|ARM.ActiveCfg = Release|ARM
		{FBBCA561-8304-4D7C-91B7-E8403B2EDA53}.Ad-Hoc|ARM.Build.0 = Release|ARM
		{FBBCA561-8304-4D7C-91B7-E8403B2EDA53}.Ad-Hoc|ARM.Deploy.0 = Release|ARM
		{FBBCA561-8304-4D7C-91B7-E8403B2EDA53}.Ad-Hoc|iPhone.ActiveCfg = Release|Any CPU
		{FBBCA561-8304-4D7C-91B7-E8403B2EDA53}.Ad-Hoc|iPhone.Build.0 = Release|Any CPU
		{FBBCA561-8304-4D7C-91B7-E8403B2EDA53}.Ad-Hoc|iPhone.Deploy.0 = Release|Any CPU
		{FBBCA561-8304-4D7C-91B7-E8403B2EDA53}.Ad-Hoc|iPhoneSimulator.ActiveCfg = Release|Any CPU
		{FBBCA561-8304-4D7C-91B7-E8403B2EDA53}.Ad-Hoc|iPhoneSimulator.Build.0 = Release|Any CPU
		{FBBCA561-8304-4D7C-91B7-E8403B2EDA53}.Ad-Hoc|iPhoneSimulator.Deploy.0 = Release|Any CPU
		{FBBCA561-8304-4D7C-91B7-E8403B2EDA53}.Ad-Hoc|x86.ActiveCfg = Release|x86
		{FBBCA561-8304-4D7C-91B7-E8403B2EDA53}.Ad-Hoc|x86.Build.0 = Release|x86
		{FBBCA561-8304-4D7C-91B7-E8403B2EDA53}.Ad-Hoc|x86.Deploy.0 = Release|x86
		{FBBCA561-8304-4D7C-91B7-E8403B2EDA53}.AppStore|Any CPU.ActiveCfg = Release|Any CPU
		{FBBCA561-8304-4D7C-91B7-E8403B2EDA53}.AppStore|Any CPU.Build.0 = Release|Any CPU
		{FBBCA561-8304-4D7C-91B7-E8403B2EDA53}.AppStore|Any CPU.Deploy.0 = Release|Any CPU
		{FBBCA561-8304-4D7C-91B7-E8403B2EDA53}.AppStore|ARM.ActiveCfg = Release|ARM
		{FBBCA561-8304-4D7C-91B7-E8403B2EDA53}.AppStore|ARM.Build.0 = Release|ARM
		{FBBCA561-8304-4D7C-91B7-E8403B2EDA53}.AppStore|ARM.Deploy.0 = Release|ARM
		{FBBCA561-8304-4D7C-91B7-E8403B2EDA53}.AppStore|iPhone.ActiveCfg = Release|Any CPU
		{FBBCA561-8304-4D7C-91B7-E8403B2EDA53}.AppStore|iPhone.Build.0 = Release|Any CPU
		{FBBCA561-8304-4D7C-91B7-E8403B2EDA53}.AppStore|iPhone.Deploy.0 = Release|Any CPU
		{FBBCA561-8304-4D7C-91B7-E8403B2EDA53}.AppStore|iPhoneSimulator.ActiveCfg = Release|Any CPU
		{FBBCA561-8304-4D7C-91B7-E8403B2EDA53}.AppStore|iPhoneSimulator.Build.0 = Release|Any CPU
		{FBBCA561-8304-4D7C-91B7-E8403B2EDA53}.AppStore|iPhoneSimulator.Deploy.0 = Release|Any CPU
		{FBBCA561-8304-4D7C-91B7-E8403B2EDA53}.AppStore|x86.ActiveCfg = Release|x86
		{FBBCA561-8304-4D7C-91B7-E8403B2EDA53}.AppStore|x86.Build.0 = Release|x86
		{FBBCA561-8304-4D7C-91B7-E8403B2EDA53}.AppStore|x86.Deploy.0 = Release|x86
		{FBBCA561-8304-4D7C-91B7-E8403B2EDA53}.Debug|Any CPU.ActiveCfg = Debug|Any CPU
		{FBBCA561-8304-4D7C-91B7-E8403B2EDA53}.Debug|Any CPU.Build.0 = Debug|Any CPU
		{FBBCA561-8304-4D7C-91B7-E8403B2EDA53}.Debug|Any CPU.Deploy.0 = Debug|Any CPU
		{FBBCA561-8304-4D7C-91B7-E8403B2EDA53}.Debug|ARM.ActiveCfg = Debug|ARM
		{FBBCA561-8304-4D7C-91B7-E8403B2EDA53}.Debug|ARM.Build.0 = Debug|ARM
		{FBBCA561-8304-4D7C-91B7-E8403B2EDA53}.Debug|ARM.Deploy.0 = Debug|ARM
		{FBBCA561-8304-4D7C-91B7-E8403B2EDA53}.Debug|iPhone.ActiveCfg = Debug|Any CPU
		{FBBCA561-8304-4D7C-91B7-E8403B2EDA53}.Debug|iPhone.Build.0 = Debug|Any CPU
		{FBBCA561-8304-4D7C-91B7-E8403B2EDA53}.Debug|iPhone.Deploy.0 = Debug|Any CPU
		{FBBCA561-8304-4D7C-91B7-E8403B2EDA53}.Debug|iPhoneSimulator.ActiveCfg = Debug|Any CPU
		{FBBCA561-8304-4D7C-91B7-E8403B2EDA53}.Debug|iPhoneSimulator.Build.0 = Debug|Any CPU
		{FBBCA561-8304-4D7C-91B7-E8403B2EDA53}.Debug|iPhoneSimulator.Deploy.0 = Debug|Any CPU
		{FBBCA561-8304-4D7C-91B7-E8403B2EDA53}.Debug|x86.ActiveCfg = Debug|x86
		{FBBCA561-8304-4D7C-91B7-E8403B2EDA53}.Debug|x86.Build.0 = Debug|x86
		{FBBCA561-8304-4D7C-91B7-E8403B2EDA53}.Debug|x86.Deploy.0 = Debug|x86
		{FBBCA561-8304-4D7C-91B7-E8403B2EDA53}.Release|Any CPU.ActiveCfg = Release|Any CPU
		{FBBCA561-8304-4D7C-91B7-E8403B2EDA53}.Release|Any CPU.Build.0 = Release|Any CPU
		{FBBCA561-8304-4D7C-91B7-E8403B2EDA53}.Release|Any CPU.Deploy.0 = Release|Any CPU
		{FBBCA561-8304-4D7C-91B7-E8403B2EDA53}.Release|ARM.ActiveCfg = Release|ARM
		{FBBCA561-8304-4D7C-91B7-E8403B2EDA53}.Release|ARM.Build.0 = Release|ARM
		{FBBCA561-8304-4D7C-91B7-E8403B2EDA53}.Release|ARM.Deploy.0 = Release|ARM
		{FBBCA561-8304-4D7C-91B7-E8403B2EDA53}.Release|iPhone.ActiveCfg = Release|Any CPU
		{FBBCA561-8304-4D7C-91B7-E8403B2EDA53}.Release|iPhone.Build.0 = Release|Any CPU
		{FBBCA561-8304-4D7C-91B7-E8403B2EDA53}.Release|iPhone.Deploy.0 = Release|Any CPU
		{FBBCA561-8304-4D7C-91B7-E8403B2EDA53}.Release|iPhoneSimulator.ActiveCfg = Release|Any CPU
		{FBBCA561-8304-4D7C-91B7-E8403B2EDA53}.Release|iPhoneSimulator.Build.0 = Release|Any CPU
		{FBBCA561-8304-4D7C-91B7-E8403B2EDA53}.Release|iPhoneSimulator.Deploy.0 = Release|Any CPU
		{FBBCA561-8304-4D7C-91B7-E8403B2EDA53}.Release|x86.ActiveCfg = Release|x86
		{FBBCA561-8304-4D7C-91B7-E8403B2EDA53}.Release|x86.Build.0 = Release|x86
		{FBBCA561-8304-4D7C-91B7-E8403B2EDA53}.Release|x86.Deploy.0 = Release|x86
		{10C77BCD-7B1C-4608-90F0-590410A83967}.Ad-Hoc|Any CPU.ActiveCfg = Release|Any CPU
		{10C77BCD-7B1C-4608-90F0-590410A83967}.Ad-Hoc|Any CPU.Build.0 = Release|Any CPU
		{10C77BCD-7B1C-4608-90F0-590410A83967}.Ad-Hoc|ARM.ActiveCfg = Release|Any CPU
		{10C77BCD-7B1C-4608-90F0-590410A83967}.Ad-Hoc|ARM.Build.0 = Release|Any CPU
		{10C77BCD-7B1C-4608-90F0-590410A83967}.Ad-Hoc|iPhone.ActiveCfg = Release|Any CPU
		{10C77BCD-7B1C-4608-90F0-590410A83967}.Ad-Hoc|iPhone.Build.0 = Release|Any CPU
		{10C77BCD-7B1C-4608-90F0-590410A83967}.Ad-Hoc|iPhoneSimulator.ActiveCfg = Release|Any CPU
		{10C77BCD-7B1C-4608-90F0-590410A83967}.Ad-Hoc|iPhoneSimulator.Build.0 = Release|Any CPU
		{10C77BCD-7B1C-4608-90F0-590410A83967}.Ad-Hoc|x86.ActiveCfg = Release|Any CPU
		{10C77BCD-7B1C-4608-90F0-590410A83967}.Ad-Hoc|x86.Build.0 = Release|Any CPU
		{10C77BCD-7B1C-4608-90F0-590410A83967}.AppStore|Any CPU.ActiveCfg = Release|Any CPU
		{10C77BCD-7B1C-4608-90F0-590410A83967}.AppStore|Any CPU.Build.0 = Release|Any CPU
		{10C77BCD-7B1C-4608-90F0-590410A83967}.AppStore|ARM.ActiveCfg = Release|Any CPU
		{10C77BCD-7B1C-4608-90F0-590410A83967}.AppStore|ARM.Build.0 = Release|Any CPU
		{10C77BCD-7B1C-4608-90F0-590410A83967}.AppStore|iPhone.ActiveCfg = Release|Any CPU
		{10C77BCD-7B1C-4608-90F0-590410A83967}.AppStore|iPhone.Build.0 = Release|Any CPU
		{10C77BCD-7B1C-4608-90F0-590410A83967}.AppStore|iPhoneSimulator.ActiveCfg = Release|Any CPU
		{10C77BCD-7B1C-4608-90F0-590410A83967}.AppStore|iPhoneSimulator.Build.0 = Release|Any CPU
		{10C77BCD-7B1C-4608-90F0-590410A83967}.AppStore|x86.ActiveCfg = Release|Any CPU
		{10C77BCD-7B1C-4608-90F0-590410A83967}.AppStore|x86.Build.0 = Release|Any CPU
		{10C77BCD-7B1C-4608-90F0-590410A83967}.Debug|Any CPU.ActiveCfg = Debug|Any CPU
		{10C77BCD-7B1C-4608-90F0-590410A83967}.Debug|Any CPU.Build.0 = Debug|Any CPU
		{10C77BCD-7B1C-4608-90F0-590410A83967}.Debug|ARM.ActiveCfg = Debug|Any CPU
		{10C77BCD-7B1C-4608-90F0-590410A83967}.Debug|ARM.Build.0 = Debug|Any CPU
		{10C77BCD-7B1C-4608-90F0-590410A83967}.Debug|iPhone.ActiveCfg = Debug|Any CPU
		{10C77BCD-7B1C-4608-90F0-590410A83967}.Debug|iPhone.Build.0 = Debug|Any CPU
		{10C77BCD-7B1C-4608-90F0-590410A83967}.Debug|iPhoneSimulator.ActiveCfg = Debug|Any CPU
		{10C77BCD-7B1C-4608-90F0-590410A83967}.Debug|iPhoneSimulator.Build.0 = Debug|Any CPU
		{10C77BCD-7B1C-4608-90F0-590410A83967}.Debug|x86.ActiveCfg = Debug|Any CPU
		{10C77BCD-7B1C-4608-90F0-590410A83967}.Debug|x86.Build.0 = Debug|Any CPU
		{10C77BCD-7B1C-4608-90F0-590410A83967}.Release|Any CPU.ActiveCfg = Release|Any CPU
		{10C77BCD-7B1C-4608-90F0-590410A83967}.Release|Any CPU.Build.0 = Release|Any CPU
		{10C77BCD-7B1C-4608-90F0-590410A83967}.Release|ARM.ActiveCfg = Release|Any CPU
		{10C77BCD-7B1C-4608-90F0-590410A83967}.Release|ARM.Build.0 = Release|Any CPU
		{10C77BCD-7B1C-4608-90F0-590410A83967}.Release|iPhone.ActiveCfg = Release|Any CPU
		{10C77BCD-7B1C-4608-90F0-590410A83967}.Release|iPhone.Build.0 = Release|Any CPU
		{10C77BCD-7B1C-4608-90F0-590410A83967}.Release|iPhoneSimulator.ActiveCfg = Release|Any CPU
		{10C77BCD-7B1C-4608-90F0-590410A83967}.Release|iPhoneSimulator.Build.0 = Release|Any CPU
		{10C77BCD-7B1C-4608-90F0-590410A83967}.Release|x86.ActiveCfg = Release|Any CPU
		{10C77BCD-7B1C-4608-90F0-590410A83967}.Release|x86.Build.0 = Release|Any CPU
	EndGlobalSection
	GlobalSection(SolutionProperties) = preSolution
		HideSolutionNode = FALSE
	EndGlobalSection
EndGlobal
